
Microsoft Visual Studio Solution File, Format Version 12.00
# Visual Studio Version 17
VisualStudioVersion = 17.6.33801.468
MinimumVisualStudioVersion = 10.0.40219.1
Project("{9A19103F-16F7-4668-BE54-9A1E7A4F7556}") = "BackEndEmployees", "HumanResources\BackEndEmployees.csproj", "{14A5D7AB-4135-499E-95F9-0DAE6AE3FB18}"
EndProject
Project("{FAE04EC0-301F-11D3-BF4B-00C04F79EFBC}") = "FrontEndEmployees", "FrontEnd\FrontEndEmployees.csproj", "{120F51D9-4F6A-447D-8D2A-5BE7AB7C562A}"
EndProject
Global
	GlobalSection(SolutionConfigurationPlatforms) = preSolution
		Debug|Any CPU = Debug|Any CPU
		Release|Any CPU = Release|Any CPU
	EndGlobalSection
	GlobalSection(ProjectConfigurationPlatforms) = postSolution
		{14A5D7AB-4135-499E-95F9-0DAE6AE3FB18}.Debug|Any CPU.ActiveCfg = Debug|Any CPU
		{14A5D7AB-4135-499E-95F9-0DAE6AE3FB18}.Debug|Any CPU.Build.0 = Debug|Any CPU
		{14A5D7AB-4135-499E-95F9-0DAE6AE3FB18}.Release|Any CPU.ActiveCfg = Release|Any CPU
		{14A5D7AB-4135-499E-95F9-0DAE6AE3FB18}.Release|Any CPU.Build.0 = Release|Any CPU
		{120F51D9-4F6A-447D-8D2A-5BE7AB7C562A}.Debug|Any CPU.ActiveCfg = Debug|Any CPU
		{120F51D9-4F6A-447D-8D2A-5BE7AB7C562A}.Debug|Any CPU.Build.0 = Debug|Any CPU
		{120F51D9-4F6A-447D-8D2A-5BE7AB7C562A}.Release|Any CPU.ActiveCfg = Release|Any CPU
		{120F51D9-4F6A-447D-8D2A-5BE7AB7C562A}.Release|Any CPU.Build.0 = Release|Any CPU
	EndGlobalSection
	GlobalSection(SolutionProperties) = preSolution
		HideSolutionNode = FALSE
	EndGlobalSection
	GlobalSection(ExtensibilityGlobals) = postSolution
		SolutionGuid = {88EF265A-CE89-4A12-91A6-71FB78D26748}
	EndGlobalSection
EndGlobal
